{
  "version": 4,
  "terraform_version": "1.6.2",
  "serial": 17,
  "lineage": "36c87d6c-8c3c-da49-3fb8-8a27377ab83e",
  "outputs": {},
  "resources": [
    {
      "mode": "data",
      "type": "aws_iam_policy",
      "name": "AmazonEKSClusterFullAccess",
      "provider": "provider[\"registry.terraform.io/hashicorp/aws\"]",
      "instances": [
        {
          "schema_version": 0,
          "attributes": {
            "arn": "arn:aws:iam::582921950567:policy/AmazonEKSClusterFullAccess",
            "description": "",
            "id": "arn:aws:iam::582921950567:policy/AmazonEKSClusterFullAccess",
            "name": "AmazonEKSClusterFullAccess",
            "path": "/",
            "path_prefix": null,
            "policy": "{\"Statement\":[{\"Action\":[\"eks:*\",\"ec2:*\",\"iam:*\",\"s3:*\",\"logs:*\",\"cloudwatch:*\"],\"Effect\":\"Allow\",\"Resource\":\"*\"}],\"Version\":\"2012-10-17\"}",
            "policy_id": "ANPAYPOG3CVT4QRFXF7KI",
            "tags": {}
          },
          "sensitive_attributes": []
        }
      ]
    },
    {
      "mode": "data",
      "type": "aws_iam_role",
      "name": "eks_dashapp_role",
      "provider": "provider[\"registry.terraform.io/hashicorp/aws\"]",
      "instances": [
        {
          "schema_version": 0,
          "attributes": {
            "arn": "arn:aws:iam::582921950567:role/eks_dashapp_role",
            "assume_role_policy": "{\"Version\":\"2012-10-17\",\"Statement\":[{\"Effect\":\"Allow\",\"Principal\":{\"Service\":\"eks.amazonaws.com\"},\"Action\":\"sts:AssumeRole\"}]}",
            "create_date": "2023-11-10T01:23:48Z",
            "description": "",
            "id": "eks_dashapp_role",
            "max_session_duration": 3600,
            "name": "eks_dashapp_role",
            "path": "/",
            "permissions_boundary": "",
            "role_last_used": [
              {
                "last_used_date": "",
                "region": ""
              }
            ],
            "tags": {},
            "unique_id": "AROAYPOG3CVT7OF3VE5DD"
          },
          "sensitive_attributes": []
        }
      ]
    },
    {
      "mode": "data",
      "type": "aws_security_group",
      "name": "Eks_dashapp_dock_sg",
      "provider": "provider[\"registry.terraform.io/hashicorp/aws\"]",
      "instances": [
        {
          "schema_version": 0,
          "attributes": {
            "arn": "arn:aws:ec2:us-east-1:582921950567:security-group/sg-06d60a51b004775f3",
            "description": "Managed by Terraform",
            "filter": null,
            "id": "sg-06d60a51b004775f3",
            "name": "Eks_dashapp_dock_sg",
            "tags": {
              "name": "Eks_dashapp_Dock_sg"
            },
            "timeouts": null,
            "vpc_id": "vpc-77b8c011"
          },
          "sensitive_attributes": []
        }
      ]
    },
    {
      "mode": "data",
      "type": "aws_subnets",
      "name": "default_subnets",
      "provider": "provider[\"registry.terraform.io/hashicorp/aws\"]",
      "instances": [
        {
          "schema_version": 0,
          "attributes": {
            "filter": [
              {
                "name": "vpc-id",
                "values": [
                  "vpc-77b8c011"
                ]
              }
            ],
            "id": "us-east-1",
            "ids": [
              "subnet-b91597b5",
              "subnet-4a1d3367",
              "subnet-22b9201e",
              "subnet-1158c874",
              "subnet-bb3c19e0",
              "subnet-1aa4bb53"
            ],
            "tags": null,
            "timeouts": null
          },
          "sensitive_attributes": []
        }
      ]
    },
    {
      "mode": "managed",
      "type": "aws_default_vpc",
      "name": "default",
      "provider": "provider[\"registry.terraform.io/hashicorp/aws\"]",
      "instances": [
        {
          "schema_version": 1,
          "attributes": {
            "arn": "arn:aws:ec2:us-east-1:582921950567:vpc/vpc-77b8c011",
            "assign_generated_ipv6_cidr_block": false,
            "cidr_block": "172.31.0.0/16",
            "default_network_acl_id": "acl-f998909f",
            "default_route_table_id": "rtb-dac84aa3",
            "default_security_group_id": "sg-7255470e",
            "dhcp_options_id": "dopt-12abef75",
            "enable_classiclink": false,
            "enable_classiclink_dns_support": false,
            "enable_dns_hostnames": true,
            "enable_dns_support": true,
            "enable_network_address_usage_metrics": false,
            "existing_default_vpc": true,
            "force_destroy": false,
            "id": "vpc-77b8c011",
            "instance_tenancy": "default",
            "ipv6_association_id": "",
            "ipv6_cidr_block": "",
            "ipv6_cidr_block_network_border_group": "",
            "ipv6_ipam_pool_id": "",
            "ipv6_netmask_length": 0,
            "main_route_table_id": "rtb-dac84aa3",
            "owner_id": "582921950567",
            "tags": null,
            "tags_all": {}
          },
          "sensitive_attributes": [],
          "private": "eyJzY2hlbWFfdmVyc2lvbiI6IjEifQ=="
        }
      ]
    }
  ],
  "check_results": null
}
